// !$*UTF8*$!
{
	archiveVersion = 1;
	classes = {
	};
	objectVersion = 46;
	objects = {

/* Begin PBXBuildFile section */
		59E639D41C4D626700FEDC8D /* main.m in Sources */ = {isa = PBXBuildFile; fileRef = 59E639D31C4D626700FEDC8D /* main.m */; };
		59E639D71C4D626700FEDC8D /* AppDelegate.m in Sources */ = {isa = PBXBuildFile; fileRef = 59E639D61C4D626700FEDC8D /* AppDelegate.m */; };
		59E639DA1C4D626700FEDC8D /* ViewController.m in Sources */ = {isa = PBXBuildFile; fileRef = 59E639D91C4D626700FEDC8D /* ViewController.m */; };
		59E639DD1C4D626700FEDC8D /* Main.storyboard in Resources */ = {isa = PBXBuildFile; fileRef = 59E639DB1C4D626700FEDC8D /* Main.storyboard */; };
		59E639DF1C4D626700FEDC8D /* Assets.xcassets in Resources */ = {isa = PBXBuildFile; fileRef = 59E639DE1C4D626700FEDC8D /* Assets.xcassets */; };
		59E639E21C4D626700FEDC8D /* LaunchScreen.storyboard in Resources */ = {isa = PBXBuildFile; fileRef = 59E639E01C4D626700FEDC8D /* LaunchScreen.storyboard */; };
		59E639ED1C4D626800FEDC8D /* testTests.m in Sources */ = {isa = PBXBuildFile; fileRef = 59E639EC1C4D626800FEDC8D /* testTests.m */; };
		59E639F81C4D626800FEDC8D /* testUITests.m in Sources */ = {isa = PBXBuildFile; fileRef = 59E639F71C4D626800FEDC8D /* testUITests.m */; };
/* End PBXBuildFile section */

/* Begin PBXContainerItemProxy section */
		59E639E91C4D626800FEDC8D /* PBXContainerItemProxy */ = {
			isa = PBXContainerItemProxy;
			containerPortal = 59E639C71C4D626700FEDC8D /* Project object */;
			proxyType = 1;
			remoteGlobalIDString = 59E639CE1C4D626700FEDC8D;
			remoteInfo = test;
		};
		59E639F41C4D626800FEDC8D /* PBXContainerItemProxy */ = {
			isa = PBXContainerItemProxy;
			containerPortal = 59E639C71C4D626700FEDC8D /* Project object */;
			proxyType = 1;
			remoteGlobalIDString = 59E639CE1C4D626700FEDC8D;
			remoteInfo = test;
		};
/* End PBXContainerItemProxy section */

/* Begin PBXFileReference section */
		59E639CF1C4D626700FEDC8D /* CodilityChallenge1.app */ = {isa = PBXFileReference; explicitFileType = wrapper.application; includeInIndex = 0; path = CodilityChallenge1.app; sourceTree = BUILT_PRODUCTS_DIR; };
		59E639D31C4D626700FEDC8D /* main.m */ = {isa = PBXFileReference; lastKnownFileType = sourcecode.c.objc; path = main.m; sourceTree = "<group>"; };
		59E639D51C4D626700FEDC8D /* AppDelegate.h */ = {isa = PBXFileReference; lastKnownFileType = sourcecode.c.h; path = AppDelegate.h; sourceTree = "<group>"; };
		59E639D61C4D626700FEDC8D /* AppDelegate.m */ = {isa = PBXFileReference; lastKnownFileType = sourcecode.c.objc; path = AppDelegate.m; sourceTree = "<group>"; };
		59E639D81C4D626700FEDC8D /* ViewController.h */ = {isa = PBXFileReference; lastKnownFileType = sourcecode.c.h; path = ViewController.h; sourceTree = "<group>"; };
		59E639D91C4D626700FEDC8D /* ViewController.m */ = {isa = PBXFileReference; lastKnownFileType = sourcecode.c.objc; path = ViewController.m; sourceTree = "<group>"; };
		59E639DC1C4D626700FEDC8D /* Base */ = {isa = PBXFileReference; lastKnownFileType = file.storyboard; name = Base; path = Base.lproj/Main.storyboard; sourceTree = "<group>"; };
		59E639DE1C4D626700FEDC8D /* Assets.xcassets */ = {isa = PBXFileReference; lastKnownFileType = folder.assetcatalog; path = Assets.xcassets; sourceTree = "<group>"; };
		59E639E11C4D626700FEDC8D /* Base */ = {isa = PBXFileReference; lastKnownFileType = file.storyboard; name = Base; path = Base.lproj/LaunchScreen.storyboard; sourceTree = "<group>"; };
		59E639E31C4D626700FEDC8D /* Info.plist */ = {isa = PBXFileReference; lastKnownFileType = text.plist.xml; path = Info.plist; sourceTree = "<group>"; };
		59E639E81C4D626800FEDC8D /* CodilityChallenge1.xctest */ = {isa = PBXFileReference; explicitFileType = wrapper.cfbundle; includeInIndex = 0; path = CodilityChallenge1.xctest; sourceTree = BUILT_PRODUCTS_DIR; };
		59E639EC1C4D626800FEDC8D /* testTests.m */ = {isa = PBXFileReference; lastKnownFileType = sourcecode.c.objc; path = testTests.m; sourceTree = "<group>"; };
		59E639EE1C4D626800FEDC8D /* Info.plist */ = {isa = PBXFileReference; lastKnownFileType = text.plist.xml; path = Info.plist; sourceTree = "<group>"; };
		59E639F31C4D626800FEDC8D /* CodilityChallenge1.xctest */ = {isa = PBXFileReference; explicitFileType = wrapper.cfbundle; includeInIndex = 0; path = CodilityChallenge1.xctest; sourceTree = BUILT_PRODUCTS_DIR; };
		59E639F71C4D626800FEDC8D /* testUITests.m */ = {isa = PBXFileReference; lastKnownFileType = sourcecode.c.objc; path = testUITests.m; sourceTree = "<group>"; };
		59E639F91C4D626800FEDC8D /* Info.plist */ = {isa = PBXFileReference; lastKnownFileType = text.plist.xml; path = Info.plist; sourceTree = "<group>"; };
/* End PBXFileReference section */

/* Begin PBXFrameworksBuildPhase section */
		59E639CC1C4D626700FEDC8D /* Frameworks */ = {
			isa = PBXFrameworksBuildPhase;
			buildActionMask = 2147483647;
			files = (
			);
			runOnlyForDeploymentPostprocessing = 0;
		};
		59E639E51C4D626700FEDC8D /* Frameworks */ = {
			isa = PBXFrameworksBuildPhase;
			buildActionMask = 2147483647;
			files = (
			);
			runOnlyForDeploymentPostprocessing = 0;
		};
		59E639F01C4D626800FEDC8D /* Frameworks */ = {
			isa = PBXFrameworksBuildPhase;
			buildActionMask = 2147483647;
			files = (
			);
			runOnlyForDeploymentPostprocessing = 0;
		};
/* End PBXFrameworksBuildPhase section */

/* Begin PBXGroup section */
		59E639C61C4D626700FEDC8D = {
			isa = PBXGroup;
			children = (
				59E639D11C4D626700FEDC8D /* test */,
				59E639EB1C4D626800FEDC8D /* testTests */,
				59E639F61C4D626800FEDC8D /* testUITests */,
				59E639D01C4D626700FEDC8D /* Products */,
			);
			sourceTree = "<group>";
		};
		59E639D01C4D626700FEDC8D /* Products */ = {
			isa = PBXGroup;
			children = (
				59E639CF1C4D626700FEDC8D /* CodilityChallenge1.app */,
				59E639E81C4D626800FEDC8D /* CodilityChallenge1.xctest */,
				59E639F31C4D626800FEDC8D /* CodilityChallenge1.xctest */,
			);
			name = Products;
			sourceTree = "<group>";
		};
		59E639D11C4D626700FEDC8D /* test */ = {
			isa = PBXGroup;
			children = (
				59E639D51C4D626700FEDC8D /* AppDelegate.h */,
				59E639D61C4D626700FEDC8D /* AppDelegate.m */,
				59E639D81C4D626700FEDC8D /* ViewController.h */,
				59E639D91C4D626700FEDC8D /* ViewController.m */,
				59E639DB1C4D626700FEDC8D /* Main.storyboard */,
				59E639DE1C4D626700FEDC8D /* Assets.xcassets */,
				59E639E01C4D626700FEDC8D /* LaunchScreen.storyboard */,
				59E639E31C4D626700FEDC8D /* Info.plist */,
				59E639D21C4D626700FEDC8D /* Supporting Files */,
			);
			path = test;
			sourceTree = "<group>";
		};
		59E639D21C4D626700FEDC8D /* Supporting Files */ = {
			isa = PBXGroup;
			children = (
				59E639D31C4D626700FEDC8D /* main.m */,
			);
			name = "Supporting Files";
			sourceTree = "<group>";
		};
		59E639EB1C4D626800FEDC8D /* testTests */ = {
			isa = PBXGroup;
			children = (
				59E639EC1C4D626800FEDC8D /* testTests.m */,
				59E639EE1C4D626800FEDC8D /* Info.plist */,
			);
			path = testTests;
			sourceTree = "<group>";
		};
		59E639F61C4D626800FEDC8D /* testUITests */ = {
			isa = PBXGroup;
			children = (
				59E639F71C4D626800FEDC8D /* testUITests.m */,
				59E639F91C4D626800FEDC8D /* Info.plist */,
			);
			path = testUITests;
			sourceTree = "<group>";
		};
/* End PBXGroup section */

/* Begin PBXNativeTarget section */
		59E639CE1C4D626700FEDC8D /* CodilityChallenge1 */ = {
			isa = PBXNativeTarget;
			buildConfigurationList = 59E639FC1C4D626800FEDC8D /* Build configuration list for PBXNativeTarget "CodilityChallenge1" */;
			buildPhases = (
				59E639CB1C4D626700FEDC8D /* Sources */,
				59E639CC1C4D626700FEDC8D /* Frameworks */,
				59E639CD1C4D626700FEDC8D /* Resources */,
			);
			buildRules = (
			);
			dependencies = (
			);
			name = CodilityChallenge1;
			productName = test;
			productReference = 59E639CF1C4D626700FEDC8D /* CodilityChallenge1.app */;
			productType = "com.apple.product-type.application";
		};
		59E639E71C4D626700FEDC8D /* CodilityChallenge1Tests */ = {
			isa = PBXNativeTarget;
			buildConfigurationList = 59E639FF1C4D626800FEDC8D /* Build configuration list for PBXNativeTarget "CodilityChallenge1Tests" */;
			buildPhases = (
				59E639E41C4D626700FEDC8D /* Sources */,
				59E639E51C4D626700FEDC8D /* Frameworks */,
				59E639E61C4D626700FEDC8D /* Resources */,
			);
			buildRules = (
			);
			dependencies = (
				59E639EA1C4D626800FEDC8D /* PBXTargetDependency */,
			);
			name = CodilityChallenge1Tests;
			productName = testTests;
			productReference = 59E639E81C4D626800FEDC8D /* CodilityChallenge1.xctest */;
			productType = "com.apple.product-type.bundle.unit-test";
		};
		59E639F21C4D626800FEDC8D /* CodilityChallenge1UITests */ = {
			isa = PBXNativeTarget;
			buildConfigurationList = 59E63A021C4D626800FEDC8D /* Build configuration list for PBXNativeTarget "CodilityChallenge1UITests" */;
			buildPhases = (
				59E639EF1C4D626800FEDC8D /* Sources */,
				59E639F01C4D626800FEDC8D /* Frameworks */,
				59E639F11C4D626800FEDC8D /* Resources */,
			);
			buildRules = (
			);
			dependencies = (
				59E639F51C4D626800FEDC8D /* PBXTargetDependency */,
			);
			name = CodilityChallenge1UITests;
			productName = testUITests;
			productReference = 59E639F31C4D626800FEDC8D /* CodilityChallenge1.xctest */;
			productType = "com.apple.product-type.bundle.ui-testing";
		};
/* End PBXNativeTarget section */

/* Begin PBXProject section */
		59E639C71C4D626700FEDC8D /* Project object */ = {
			isa = PBXProject;
			attributes = {
				LastUpgradeCheck = 0720;
				ORGANIZATIONNAME = "Mark Shepherd";
				TargetAttributes = {
					59E639CE1C4D626700FEDC8D = {
						CreatedOnToolsVersion = 7.2;
					};
					59E639E71C4D626700FEDC8D = {
						CreatedOnToolsVersion = 7.2;
						TestTargetID = 59E639CE1C4D626700FEDC8D;
					};
					59E639F21C4D626800FEDC8D = {
						CreatedOnToolsVersion = 7.2;
						TestTargetID = 59E639CE1C4D626700FEDC8D;
					};
				};
			};
			buildConfigurationList = 59E639CA1C4D626700FEDC8D /* Build configuration list for PBXProject "CodilityChallenge1" */;
			compatibilityVersion = "Xcode 3.2";
			developmentRegion = English;
			hasScannedForEncodings = 0;
			knownRegions = (
				en,
				Base,
			);
			mainGroup = 59E639C61C4D626700FEDC8D;
			productRefGroup = 59E639D01C4D626700FEDC8D /* Products */;
			projectDirPath = "";
			projectRoot = "";
			targets = (
				59E639CE1C4D626700FEDC8D /* CodilityChallenge1 */,
				59E639E71C4D626700FEDC8D /* CodilityChallenge1Tests */,
				59E639F21C4D626800FEDC8D /* CodilityChallenge1UITests */,
			);
		};
/* End PBXProject section */

/* Begin PBXResourcesBuildPhase section */
		59E639CD1C4D626700FEDC8D /* Resources */ = {
			isa = PBXResourcesBuildPhase;
			buildActionMask = 2147483647;
			files = (
				59E639E21C4D626700FEDC8D /* LaunchScreen.storyboard in Resources */,
				59E639DF1C4D626700FEDC8D /* Assets.xcassets in Resources */,
				59E639DD1C4D626700FEDC8D /* Main.storyboard in Resources */,
			);
			runOnlyForDeploymentPostprocessing = 0;
		};
		59E639E61C4D626700FEDC8D /* Resources */ = {
			isa = PBXResourcesBuildPhase;
			buildActionMask = 2147483647;
			files = (
			);
			runOnlyForDeploymentPostprocessing = 0;
		};
		59E639F11C4D626800FEDC8D /* Resources */ = {
			isa = PBXResourcesBuildPhase;
			buildActionMask = 2147483647;
			files = (
			);
			runOnlyForDeploymentPostprocessing = 0;
		};
/* End PBXResourcesBuildPhase section */

/* Begin PBXSourcesBuildPhase section */
		59E639CB1C4D626700FEDC8D /* Sources */ = {
			isa = PBXSourcesBuildPhase;
			buildActionMask = 2147483647;
			files = (
				59E639DA1C4D626700FEDC8D /* ViewController.m in Sources */,
				59E639D71C4D626700FEDC8D /* AppDelegate.m in Sources */,
				59E639D41C4D626700FEDC8D /* main.m in Sources */,
			);
			runOnlyForDeploymentPostprocessing = 0;
		};
		59E639E41C4D626700FEDC8D /* Sources */ = {
			isa = PBXSourcesBuildPhase;
			buildActionMask = 2147483647;
			files = (
				59E639ED1C4D626800FEDC8D /* testTests.m in Sources */,
			);
			runOnlyForDeploymentPostprocessing = 0;
		};
		59E639EF1C4D626800FEDC8D /* Sources */ = {
			isa = PBXSourcesBuildPhase;
			buildActionMask = 2147483647;
			files = (
				59E639F81C4D626800FEDC8D /* testUITests.m in Sources */,
			);
			runOnlyForDeploymentPostprocessing = 0;
		};
/* End PBXSourcesBuildPhase section */

/* Begin PBXTargetDependency section */
		59E639EA1C4D626800FEDC8D /* PBXTargetDependency */ = {
			isa = PBXTargetDependency;
			target = 59E639CE1C4D626700FEDC8D /* CodilityChallenge1 */;
			targetProxy = 59E639E91C4D626800FEDC8D /* PBXContainerItemProxy */;
		};
		59E639F51C4D626800FEDC8D /* PBXTargetDependency */ = {
			isa = PBXTargetDependency;
			target = 59E639CE1C4D626700FEDC8D /* CodilityChallenge1 */;
			targetProxy = 59E639F41C4D626800FEDC8D /* PBXContainerItemProxy */;
		};
/* End PBXTargetDependency section */

/* Begin PBXVariantGroup section */
		59E639DB1C4D626700FEDC8D /* Main.storyboard */ = {
			isa = PBXVariantGroup;
			children = (
				59E639DC1C4D626700FEDC8D /* Base */,
			);
			name = Main.storyboard;
			sourceTree = "<group>";
		};
		59E639E01C4D626700FEDC8D /* LaunchScreen.storyboard */ = {
			isa = PBXVariantGroup;
			children = (
				59E639E11C4D626700FEDC8D /* Base */,
			);
			name = LaunchScreen.storyboard;
			sourceTree = "<group>";
		};
/* End PBXVariantGroup section */

/* Begin XCBuildConfiguration section */
		59E639FA1C4D626800FEDC8D /* Debug */ = {
			isa = XCBuildConfiguration;
			buildSettings = {
				ALWAYS_SEARCH_USER_PATHS = NO;
				CLANG_CXX_LANGUAGE_STANDARD = "gnu++0x";
				CLANG_CXX_LIBRARY = "libc++";
				CLANG_ENABLE_MODULES = YES;
				CLANG_ENABLE_OBJC_ARC = YES;
				CLANG_WARN_BOOL_CONVERSION = YES;
				CLANG_WARN_CONSTANT_CONVERSION = YES;
				CLANG_WARN_DIRECT_OBJC_ISA_USAGE = YES_ERROR;
				CLANG_WARN_EMPTY_BODY = YES;
				CLANG_WARN_ENUM_CONVERSION = YES;
				CLANG_WARN_INT_CONVERSION = YES;
				CLANG_WARN_OBJC_ROOT_CLASS = YES_ERROR;
				CLANG_WARN_UNREACHABLE_CODE = YES;
				CLANG_WARN__DUPLICATE_METHOD_MATCH = YES;
				"CODE_SIGN_IDENTITY[sdk=iphoneos*]" = "iPhone Developer";
				COPY_PHASE_STRIP = NO;
				DEBUG_INFORMATION_FORMAT = dwarf;
				ENABLE_STRICT_OBJC_MSGSEND = YES;
				ENABLE_TESTABILITY = YES;
				GCC_C_LANGUAGE_STANDARD = gnu99;
				GCC_DYNAMIC_NO_PIC = NO;
				GCC_NO_COMMON_BLOCKS = YES;
				GCC_OPTIMIZATION_LEVEL = 0;
				GCC_PREPROCESSOR_DEFINITIONS = (
					"DEBUG=1",
					"$(inherited)",
				);
				GCC_WARN_64_TO_32_BIT_CONVERSION = YES;
				GCC_WARN_ABOUT_RETURN_TYPE = YES_ERROR;
				GCC_WARN_UNDECLARED_SELECTOR = YES;
				GCC_WARN_UNINITIALIZED_AUTOS = YES_AGGRESSIVE;
				GCC_WARN_UNUSED_FUNCTION = YES;
				GCC_WARN_UNUSED_VARIABLE = YES;
				IPHONEOS_DEPLOYMENT_TARGET = 9.2;
				MTL_ENABLE_DEBUG_INFO = YES;
				ONLY_ACTIVE_ARCH = YES;
				SDKROOT = iphoneos;
			};
			name = Debug;
		};
		59E639FB1C4D626800FEDC8D /* Release */ = {
			isa = XCBuildConfiguration;
			buildSettings = {
				ALWAYS_SEARCH_USER_PATHS = NO;
				CLANG_CXX_LANGUAGE_STANDARD = "gnu++0x";
				CLANG_CXX_LIBRARY = "libc++";
				CLANG_ENABLE_MODULES = YES;
				CLANG_ENABLE_OBJC_ARC = YES;
				CLANG_WARN_BOOL_CONVERSION = YES;
				CLANG_WARN_CONSTANT_CONVERSION = YES;
				CLANG_WARN_DIRECT_OBJC_ISA_USAGE = YES_ERROR;
				CLANG_WARN_EMPTY_BODY = YES;
				CLANG_WARN_ENUM_CONVERSION = YES;
				CLANG_WARN_INT_CONVERSION = YES;
				CLANG_WARN_OBJC_ROOT_CLASS = YES_ERROR;
				CLANG_WARN_UNREACHABLE_CODE = YES;
				CLANG_WARN__DUPLICATE_METHOD_MATCH = YES;
				"CODE_SIGN_IDENTITY[sdk=iphoneos*]" = "iPhone Developer";
				COPY_PHASE_STRIP = NO;
				DEBUG_INFORMATION_FORMAT = "dwarf-with-dsym";
				ENABLE_NS_ASSERTIONS = NO;
				ENABLE_STRICT_OBJC_MSGSEND = YES;
				GCC_C_LANGUAGE_STANDARD = gnu99;
				GCC_NO_COMMON_BLOCKS = YES;
				GCC_WARN_64_TO_32_BIT_CONVERSION = YES;
				GCC_WARN_ABOUT_RETURN_TYPE = YES_ERROR;
				GCC_WARN_UNDECLARED_SELECTOR = YES;
				GCC_WARN_UNINITIALIZED_AUTOS = YES_AGGRESSIVE;
				GCC_WARN_UNUSED_FUNCTION = YES;
				GCC_WARN_UNUSED_VARIABLE = YES;
				IPHONEOS_DEPLOYMENT_TARGET = 9.2;
				MTL_ENABLE_DEBUG_INFO = NO;
				SDKROOT = iphoneos;
				VALIDATE_PRODUCT = YES;
			};
			name = Release;
		};
		59E639FD1C4D626800FEDC8D /* Debug */ = {
			isa = XCBuildConfiguration;
			buildSettings = {
				ASSETCATALOG_COMPILER_APPICON_NAME = AppIcon;
				INFOPLIST_FILE = test/Info.plist;
				LD_RUNPATH_SEARCH_PATHS = "$(inherited) @executable_path/Frameworks";
				PRODUCT_BUNDLE_IDENTIFIER = com.media.printbyprint.test;
				PRODUCT_NAME = CodilityChallenge1;
			};
			name = Debug;
		};
		59E639FE1C4D626800FEDC8D /* Release */ = {
			isa = XCBuildConfiguration;
			buildSettings = {
				ASSETCATALOG_COMPILER_APPICON_NAME = AppIcon;
				INFOPLIST_FILE = test/Info.plist;
				LD_RUNPATH_SEARCH_PATHS = "$(inherited) @executable_path/Frameworks";
				PRODUCT_BUNDLE_IDENTIFIER = com.media.printbyprint.test;
				PRODUCT_NAME = CodilityChallenge1;
			};
			name = Release;
		};
		59E63A001C4D626800FEDC8D /* Debug */ = {
			isa = XCBuildConfiguration;
			buildSettings = {
				BUNDLE_LOADER = "$(TEST_HOST)";
				INFOPLIST_FILE = testTests/Info.plist;
				LD_RUNPATH_SEARCH_PATHS = "$(inherited) @executable_path/Frameworks @loader_path/Frameworks";
				PRODUCT_BUNDLE_IDENTIFIER = com.media.printbyprint.testTests;
				PRODUCT_NAME = CodilityChallenge1;
				TEST_HOST = "$(BUILT_PRODUCTS_DIR)/CodilityChallenge1.app/CodilityChallenge1";
			};
			name = Debug;
		};
		59E63A011C4D626800FEDC8D /* Release */ = {
			isa = XCBuildConfiguration;
			buildSettings = {
				BUNDLE_LOADER = "$(TEST_HOST)";
				INFOPLIST_FILE = testTests/Info.plist;
				LD_RUNPATH_SEARCH_PATHS = "$(inherited) @executable_path/Frameworks @loader_path/Frameworks";
				PRODUCT_BUNDLE_IDENTIFIER = com.media.printbyprint.testTests;
				PRODUCT_NAME = CodilityChallenge1;
				TEST_HOST = "$(BUILT_PRODUCTS_DIR)/CodilityChallenge1.app/CodilityChallenge1";
			};
			name = Release;
		};
		59E63A031C4D626800FEDC8D /* Debug */ = {
			isa = XCBuildConfiguration;
			buildSettings = {
				INFOPLIST_FILE = testUITests/Info.plist;
				LD_RUNPATH_SEARCH_PATHS = "$(inherited) @executable_path/Frameworks @loader_path/Frameworks";
				PRODUCT_BUNDLE_IDENTIFIER = com.media.printbyprint.testUITests;
				PRODUCT_NAME = CodilityChallenge1;
				TEST_TARGET_NAME = test;
				USES_XCTRUNNER = YES;
			};
			name = Debug;
		};
		59E63A041C4D626800FEDC8D /* Release */ = {
			isa = XCBuildConfiguration;
			buildSettings = {
				INFOPLIST_FILE = testUITests/Info.plist;
				LD_RUNPATH_SEARCH_PATHS = "$(inherited) @executable_path/Frameworks @loader_path/Frameworks";
				PRODUCT_BUNDLE_IDENTIFIER = com.media.printbyprint.testUITests;
				PRODUCT_NAME = CodilityChallenge1;
				TEST_TARGET_NAME = test;
				USES_XCTRUNNER = YES;
			};
			name = Release;
		};
/* End XCBuildConfiguration section */

/* Begin XCConfigurationList section */
		59E639CA1C4D626700FEDC8D /* Build configuration list for PBXProject "CodilityChallenge1" */ = {
			isa = XCConfigurationList;
			buildConfigurations = (
				59E639FA1C4D626800FEDC8D /* Debug */,
				59E639FB1C4D626800FEDC8D /* Release */,
			);
			defaultConfigurationIsVisible = 0;
			defaultConfigurationName = Release;
		};
		59E639FC1C4D626800FEDC8D /* Build configuration list for PBXNativeTarget "CodilityChallenge1" */ = {
			isa = XCConfigurationList;
			buildConfigurations = (
				59E639FD1C4D626800FEDC8D /* Debug */,
				59E639FE1C4D626800FEDC8D /* Release */,
			);
			defaultConfigurationIsVisible = 0;
			defaultConfigurationName = Release;
		};
		59E639FF1C4D626800FEDC8D /* Build configuration list for PBXNativeTarget "CodilityChallenge1Tests" */ = {
			isa = XCConfigurationList;
			buildConfigurations = (
				59E63A001C4D626800FEDC8D /* Debug */,
				59E63A011C4D626800FEDC8D /* Release */,
			);
			defaultConfigurationIsVisible = 0;
			defaultConfigurationName = Release;
		};
		59E63A021C4D626800FEDC8D /* Build configuration list for PBXNativeTarget "CodilityChallenge1UITests" */ = {
			isa = XCConfigurationList;
			buildConfigurations = (
				59E63A031C4D626800FEDC8D /* Debug */,
				59E63A041C4D626800FEDC8D /* Release */,
			);
			defaultConfigurationIsVisible = 0;
			defaultConfigurationName = Release;
		};
/* End XCConfigurationList section */
	};
	rootObject = 59E639C71C4D626700FEDC8D /* Project object */;
}
